
Microsoft Visual Studio Solution File, Format Version 12.00
# Visual Studio Version 17
VisualStudioVersion = 17.3.32804.467
MinimumVisualStudioVersion = 10.0.40219.1
Project("{FAE04EC0-301F-11D3-BF4B-00C04F79EFBC}") = "22.082022", "22.082022\22.082022.csproj", "{C968F978-E840-4BAE-A6D2-EEBEA2E0CDD1}"
EndProject
Global
	GlobalSection(SolutionConfigurationPlatforms) = preSolution
		Debug|Any CPU = Debug|Any CPU
		Release|Any CPU = Release|Any CPU
	EndGlobalSection
	GlobalSection(ProjectConfigurationPlatforms) = postSolution
		{C968F978-E840-4BAE-A6D2-EEBEA2E0CDD1}.Debug|Any CPU.ActiveCfg = Debug|Any CPU
		{C968F978-E840-4BAE-A6D2-EEBEA2E0CDD1}.Debug|Any CPU.Build.0 = Debug|Any CPU
		{C968F978-E840-4BAE-A6D2-EEBEA2E0CDD1}.Release|Any CPU.ActiveCfg = Release|Any CPU
		{C968F978-E840-4BAE-A6D2-EEBEA2E0CDD1}.Release|Any CPU.Build.0 = Release|Any CPU
	EndGlobalSection
	GlobalSection(SolutionProperties) = preSolution
		HideSolutionNode = FALSE
	EndGlobalSection
	GlobalSection(ExtensibilityGlobals) = postSolution
		SolutionGuid = {74E06421-B9DD-4C17-A31F-BA6D4FA7724E}
	EndGlobalSection
EndGlobal
