
Microsoft Visual Studio Solution File, Format Version 12.00
# Visual Studio Version 17
VisualStudioVersion = 17.3.32804.467
MinimumVisualStudioVersion = 10.0.40219.1
Project("{FAE04EC0-301F-11D3-BF4B-00C04F79EFBC}") = "07.09.2022", "07.09.2022\07.09.2022.csproj", "{455E9D3A-646B-40E5-BA63-7D4FC7689E8B}"
EndProject
Global
	GlobalSection(SolutionConfigurationPlatforms) = preSolution
		Debug|Any CPU = Debug|Any CPU
		Release|Any CPU = Release|Any CPU
	EndGlobalSection
	GlobalSection(ProjectConfigurationPlatforms) = postSolution
		{455E9D3A-646B-40E5-BA63-7D4FC7689E8B}.Debug|Any CPU.ActiveCfg = Debug|Any CPU
		{455E9D3A-646B-40E5-BA63-7D4FC7689E8B}.Debug|Any CPU.Build.0 = Debug|Any CPU
		{455E9D3A-646B-40E5-BA63-7D4FC7689E8B}.Release|Any CPU.ActiveCfg = Release|Any CPU
		{455E9D3A-646B-40E5-BA63-7D4FC7689E8B}.Release|Any CPU.Build.0 = Release|Any CPU
	EndGlobalSection
	GlobalSection(SolutionProperties) = preSolution
		HideSolutionNode = FALSE
	EndGlobalSection
	GlobalSection(ExtensibilityGlobals) = postSolution
		SolutionGuid = {5A154EF7-7037-4440-970C-11573809854F}
	EndGlobalSection
EndGlobal
