
Microsoft Visual Studio Solution File, Format Version 12.00
# Visual Studio Version 17
VisualStudioVersion = 17.3.32804.467
MinimumVisualStudioVersion = 10.0.40219.1
Project("{FAE04EC0-301F-11D3-BF4B-00C04F79EFBC}") = "prblm10", "prblm10\prblm10.csproj", "{ECC0F410-E975-408D-A299-DC477D6FF735}"
EndProject
Global
	GlobalSection(SolutionConfigurationPlatforms) = preSolution
		Debug|Any CPU = Debug|Any CPU
		Release|Any CPU = Release|Any CPU
	EndGlobalSection
	GlobalSection(ProjectConfigurationPlatforms) = postSolution
		{ECC0F410-E975-408D-A299-DC477D6FF735}.Debug|Any CPU.ActiveCfg = Debug|Any CPU
		{ECC0F410-E975-408D-A299-DC477D6FF735}.Debug|Any CPU.Build.0 = Debug|Any CPU
		{ECC0F410-E975-408D-A299-DC477D6FF735}.Release|Any CPU.ActiveCfg = Release|Any CPU
		{ECC0F410-E975-408D-A299-DC477D6FF735}.Release|Any CPU.Build.0 = Release|Any CPU
	EndGlobalSection
	GlobalSection(SolutionProperties) = preSolution
		HideSolutionNode = FALSE
	EndGlobalSection
	GlobalSection(ExtensibilityGlobals) = postSolution
		SolutionGuid = {06921AEC-6A11-4E23-8CB4-13AB6FD70ED6}
	EndGlobalSection
EndGlobal
