
Microsoft Visual Studio Solution File, Format Version 12.00
# Visual Studio Version 17
VisualStudioVersion = 17.3.32804.467
MinimumVisualStudioVersion = 10.0.40219.1
Project("{FAE04EC0-301F-11D3-BF4B-00C04F79EFBC}") = "prblm7", "prblm7\prblm7.csproj", "{58F29EC0-05E8-4C56-9273-3450D6CD9A52}"
EndProject
Global
	GlobalSection(SolutionConfigurationPlatforms) = preSolution
		Debug|Any CPU = Debug|Any CPU
		Release|Any CPU = Release|Any CPU
	EndGlobalSection
	GlobalSection(ProjectConfigurationPlatforms) = postSolution
		{58F29EC0-05E8-4C56-9273-3450D6CD9A52}.Debug|Any CPU.ActiveCfg = Debug|Any CPU
		{58F29EC0-05E8-4C56-9273-3450D6CD9A52}.Debug|Any CPU.Build.0 = Debug|Any CPU
		{58F29EC0-05E8-4C56-9273-3450D6CD9A52}.Release|Any CPU.ActiveCfg = Release|Any CPU
		{58F29EC0-05E8-4C56-9273-3450D6CD9A52}.Release|Any CPU.Build.0 = Release|Any CPU
	EndGlobalSection
	GlobalSection(SolutionProperties) = preSolution
		HideSolutionNode = FALSE
	EndGlobalSection
	GlobalSection(ExtensibilityGlobals) = postSolution
		SolutionGuid = {944EC8B1-A40C-4BF9-A76F-3E808F027D8E}
	EndGlobalSection
EndGlobal
