
Microsoft Visual Studio Solution File, Format Version 12.00
# Visual Studio Version 17
VisualStudioVersion = 17.3.32922.545
MinimumVisualStudioVersion = 10.0.40219.1
Project("{FAE04EC0-301F-11D3-BF4B-00C04F79EFBC}") = "11.10.22", "11.10.22\11.10.22.csproj", "{86F6958C-970C-4E52-983B-2235C0FF21EA}"
EndProject
Global
	GlobalSection(SolutionConfigurationPlatforms) = preSolution
		Debug|Any CPU = Debug|Any CPU
		Release|Any CPU = Release|Any CPU
	EndGlobalSection
	GlobalSection(ProjectConfigurationPlatforms) = postSolution
		{86F6958C-970C-4E52-983B-2235C0FF21EA}.Debug|Any CPU.ActiveCfg = Debug|Any CPU
		{86F6958C-970C-4E52-983B-2235C0FF21EA}.Debug|Any CPU.Build.0 = Debug|Any CPU
		{86F6958C-970C-4E52-983B-2235C0FF21EA}.Release|Any CPU.ActiveCfg = Release|Any CPU
		{86F6958C-970C-4E52-983B-2235C0FF21EA}.Release|Any CPU.Build.0 = Release|Any CPU
	EndGlobalSection
	GlobalSection(SolutionProperties) = preSolution
		HideSolutionNode = FALSE
	EndGlobalSection
	GlobalSection(ExtensibilityGlobals) = postSolution
		SolutionGuid = {2AA565DB-ACD1-4EA4-8622-4085D976177A}
	EndGlobalSection
EndGlobal
